
Microsoft Visual Studio Solution File, Format Version 12.00
# Visual Studio Version 16
VisualStudioVersion = 16.0.29020.237
MinimumVisualStudioVersion = 10.0.40219.1
Project("{9A19103F-16F7-4668-BE54-9A1E7A4F7556}") = "Logic", "Logic\Logic.csproj", "{F4BC8399-AD40-446C-9B22-E5FBCD70209F}"
	ProjectSection(ProjectDependencies) = postProject
		{B76B61A4-56BD-40E7-AE39-5E91049E9C51} = {B76B61A4-56BD-40E7-AE39-5E91049E9C51}
	EndProjectSection
EndProject
Project("{9A19103F-16F7-4668-BE54-9A1E7A4F7556}") = "LogicShared", "LogicShared\LogicShared.csproj", "{B76B61A4-56BD-40E7-AE39-5E91049E9C51}"
EndProject
Project("{9A19103F-16F7-4668-BE54-9A1E7A4F7556}") = "cli", "Cli\cli.csproj", "{1538F6F5-391A-496D-ADD7-D8079D4022E1}"
EndProject
Project("{9A19103F-16F7-4668-BE54-9A1E7A4F7556}") = "UnitTest", "UnitTest\UnitTest.csproj", "{CEDBB2B3-19D3-49ED-B3F8-DDC812FA806C}"
EndProject
Global
	GlobalSection(SolutionConfigurationPlatforms) = preSolution
		Debug|Any CPU = Debug|Any CPU
		Release|Any CPU = Release|Any CPU
	EndGlobalSection
	GlobalSection(ProjectConfigurationPlatforms) = postSolution
		{F4BC8399-AD40-446C-9B22-E5FBCD70209F}.Debug|Any CPU.ActiveCfg = Debug|Any CPU
		{F4BC8399-AD40-446C-9B22-E5FBCD70209F}.Debug|Any CPU.Build.0 = Debug|Any CPU
		{F4BC8399-AD40-446C-9B22-E5FBCD70209F}.Release|Any CPU.ActiveCfg = Release|Any CPU
		{F4BC8399-AD40-446C-9B22-E5FBCD70209F}.Release|Any CPU.Build.0 = Release|Any CPU
		{B76B61A4-56BD-40E7-AE39-5E91049E9C51}.Debug|Any CPU.ActiveCfg = Debug|Any CPU
		{B76B61A4-56BD-40E7-AE39-5E91049E9C51}.Debug|Any CPU.Build.0 = Debug|Any CPU
		{B76B61A4-56BD-40E7-AE39-5E91049E9C51}.Release|Any CPU.ActiveCfg = Release|Any CPU
		{B76B61A4-56BD-40E7-AE39-5E91049E9C51}.Release|Any CPU.Build.0 = Release|Any CPU
		{1538F6F5-391A-496D-ADD7-D8079D4022E1}.Debug|Any CPU.ActiveCfg = Debug|Any CPU
		{1538F6F5-391A-496D-ADD7-D8079D4022E1}.Debug|Any CPU.Build.0 = Debug|Any CPU
		{1538F6F5-391A-496D-ADD7-D8079D4022E1}.Release|Any CPU.ActiveCfg = Release|Any CPU
		{1538F6F5-391A-496D-ADD7-D8079D4022E1}.Release|Any CPU.Build.0 = Release|Any CPU
		{CEDBB2B3-19D3-49ED-B3F8-DDC812FA806C}.Debug|Any CPU.ActiveCfg = Debug|Any CPU
		{CEDBB2B3-19D3-49ED-B3F8-DDC812FA806C}.Debug|Any CPU.Build.0 = Debug|Any CPU
		{CEDBB2B3-19D3-49ED-B3F8-DDC812FA806C}.Release|Any CPU.ActiveCfg = Release|Any CPU
		{CEDBB2B3-19D3-49ED-B3F8-DDC812FA806C}.Release|Any CPU.Build.0 = Release|Any CPU
	EndGlobalSection
	GlobalSection(SolutionProperties) = preSolution
		HideSolutionNode = FALSE
	EndGlobalSection
	GlobalSection(ExtensibilityGlobals) = postSolution
		SolutionGuid = {CC1073FE-D716-4620-BE6E-074E295978CE}
	EndGlobalSection
EndGlobal
